Microsoft Visual Studio Solution File, Format Version 12.00
# Visual Studio Version 17
VisualStudioVersion = 17.5.2.0
MinimumVisualStudioVersion = 10.0.40219.1
Project("{FAE04EC0-301F-11D3-BF4B-00C04F79EFBC}") = "LopVisibility", "Visibility\LopVisibility.csproj", "{45B67054-54C4-104A-7889-3BD42680C8F4}"
EndProject
Global
	GlobalSection(SolutionConfigurationPlatforms) = preSolution
		Debug|Any CPU = Debug|Any CPU
		Release|Any CPU = Release|Any CPU
	EndGlobalSection
	GlobalSection(ProjectConfigurationPlatforms) = postSolution
		{45B67054-54C4-104A-7889-3BD42680C8F4}.Debug|Any CPU.ActiveCfg = Debug|Any CPU
		{45B67054-54C4-104A-7889-3BD42680C8F4}.Debug|Any CPU.Build.0 = Debug|Any CPU
		{45B67054-54C4-104A-7889-3BD42680C8F4}.Release|Any CPU.ActiveCfg = Release|Any CPU
		{45B67054-54C4-104A-7889-3BD42680C8F4}.Release|Any CPU.Build.0 = Release|Any CPU
	EndGlobalSection
	GlobalSection(SolutionProperties) = preSolution
		HideSolutionNode = FALSE
	EndGlobalSection
	GlobalSection(ExtensibilityGlobals) = postSolution
		SolutionGuid = {DA1AB447-A100-4146-B2B1-6BF05E170192}
	EndGlobalSection
EndGlobal
